
Microsoft Visual Studio Solution File, Format Version 12.00
# Visual Studio 14
VisualStudioVersion = 14.0.25420.1
MinimumVisualStudioVersion = 10.0.40219.1
Project("{8BB2217D-0F2D-49D1-97BC-3654ED321F3B}") = "Okra.Platform.XamarinForms", "src\Okra.Platform.XamarinForms\Okra.Platform.XamarinForms.xproj", "{45AEB774-75E0-49D9-BED1-5BE10423488C}"
EndProject
Project("{8BB2217D-0F2D-49D1-97BC-3654ED321F3B}") = "Okra.Platform.XamarinForms.Tests", "test\Okra.Platform.XamarinForms.Tests\Okra.Platform.XamarinForms.Tests.xproj", "{94C3A03C-38B0-496C-BA01-B74EAAC485CD}"
EndProject
Global
	GlobalSection(SolutionConfigurationPlatforms) = preSolution
		Debug|Any CPU = Debug|Any CPU
		Release|Any CPU = Release|Any CPU
	EndGlobalSection
	GlobalSection(ProjectConfigurationPlatforms) = postSolution
		{45AEB774-75E0-49D9-BED1-5BE10423488C}.Debug|Any CPU.ActiveCfg = Debug|Any CPU
		{45AEB774-75E0-49D9-BED1-5BE10423488C}.Debug|Any CPU.Build.0 = Debug|Any CPU
		{45AEB774-75E0-49D9-BED1-5BE10423488C}.Release|Any CPU.ActiveCfg = Release|Any CPU
		{45AEB774-75E0-49D9-BED1-5BE10423488C}.Release|Any CPU.Build.0 = Release|Any CPU
		{94C3A03C-38B0-496C-BA01-B74EAAC485CD}.Debug|Any CPU.ActiveCfg = Debug|Any CPU
		{94C3A03C-38B0-496C-BA01-B74EAAC485CD}.Debug|Any CPU.Build.0 = Debug|Any CPU
		{94C3A03C-38B0-496C-BA01-B74EAAC485CD}.Release|Any CPU.ActiveCfg = Release|Any CPU
		{94C3A03C-38B0-496C-BA01-B74EAAC485CD}.Release|Any CPU.Build.0 = Release|Any CPU
	EndGlobalSection
	GlobalSection(SolutionProperties) = preSolution
		HideSolutionNode = FALSE
	EndGlobalSection
EndGlobal
